// !$*UTF8*$!
{
	archiveVersion = 1;
	classes = {
	};
	objectVersion = 46;
	objects = {

/* Begin PBXBuildFile section */
		4F618B9E1C23D2EC0080003A /* AppDelegate.swift in Sources */ = {isa = PBXBuildFile; fileRef = 4F618B9D1C23D2EC0080003A /* AppDelegate.swift */; };
		4F618BA01C23D2EC0080003A /* ViewController.swift in Sources */ = {isa = PBXBuildFile; fileRef = 4F618B9F1C23D2EC0080003A /* ViewController.swift */; };
		4F618BA31C23D2EC0080003A /* Main.storyboard in Resources */ = {isa = PBXBuildFile; fileRef = 4F618BA11C23D2EC0080003A /* Main.storyboard */; };
		4F618BA51C23D2EC0080003A /* Assets.xcassets in Resources */ = {isa = PBXBuildFile; fileRef = 4F618BA41C23D2EC0080003A /* Assets.xcassets */; };
		4F618BA81C23D2EC0080003A /* LaunchScreen.storyboard in Resources */ = {isa = PBXBuildFile; fileRef = 4F618BA61C23D2EC0080003A /* LaunchScreen.storyboard */; };
		4F618BB01C23D31C0080003A /* Data.swift in Sources */ = {isa = PBXBuildFile; fileRef = 4F618BAF1C23D31C0080003A /* Data.swift */; settings = {ASSET_TAGS = (); }; };
/* End PBXBuildFile section */

/* Begin PBXFileReference section */
		4F618B9A1C23D2EC0080003A /* Hamburguesify.app */ = {isa = PBXFileReference; explicitFileType = wrapper.application; includeInIndex = 0; path = Hamburguesify.app; sourceTree = BUILT_PRODUCTS_DIR; };
		4F618B9D1C23D2EC0080003A /* AppDelegate.swift */ = {isa = PBXFileReference; lastKnownFileType = sourcecode.swift; path = AppDelegate.swift; sourceTree = "<group>"; };
		4F618B9F1C23D2EC0080003A /* ViewController.swift */ = {isa = PBXFileReference; lastKnownFileType = sourcecode.swift; path = ViewController.swift; sourceTree = "<group>"; };
		4F618BA21C23D2EC0080003A /* Base */ = {isa = PBXFileReference; lastKnownFileType = file.storyboard; name = Base; path = Base.lproj/Main.storyboard; sourceTree = "<group>"; };
		4F618BA41C23D2EC0080003A /* Assets.xcassets */ = {isa = PBXFileReference; lastKnownFileType = folder.assetcatalog; path = Assets.xcassets; sourceTree = "<group>"; };
		4F618BA71C23D2EC0080003A /* Base */ = {isa = PBXFileReference; lastKnownFileType = file.storyboard; name = Base; path = Base.lproj/LaunchScreen.storyboard; sourceTree = "<group>"; };
		4F618BA91C23D2EC0080003A /* Info.plist */ = {isa = PBXFileReference; lastKnownFileType = text.plist.xml; path = Info.plist; sourceTree = "<group>"; };
		4F618BAF1C23D31C0080003A /* Data.swift */ = {isa = PBXFileReference; fileEncoding = 4; lastKnownFileType = sourcecode.swift; path = Data.swift; sourceTree = "<group>"; };
/* End PBXFileReference section */

/* Begin PBXFrameworksBuildPhase section */
		4F618B971C23D2EC0080003A /* Frameworks */ = {
			isa = PBXFrameworksBuildPhase;
			buildActionMask = 2147483647;
			files = (
			);
			runOnlyForDeploymentPostprocessing = 0;
		};
/* End PBXFrameworksBuildPhase section */

/* Begin PBXGroup section */
		4F618B911C23D2EC0080003A = {
			isa = PBXGroup;
			children = (
				4F618B9C1C23D2EC0080003A /* Hamburguesify */,
				4F618B9B1C23D2EC0080003A /* Products */,
			);
			sourceTree = "<group>";
		};
		4F618B9B1C23D2EC0080003A /* Products */ = {
			isa = PBXGroup;
			children = (
				4F618B9A1C23D2EC0080003A /* Hamburguesify.app */,
			);
			name = Products;
			sourceTree = "<group>";
		};
		4F618B9C1C23D2EC0080003A /* Hamburguesify */ = {
			isa = PBXGroup;
			children = (
				4F618B9D1C23D2EC0080003A /* AppDelegate.swift */,
				4F618B9F1C23D2EC0080003A /* ViewController.swift */,
				4F618BA11C23D2EC0080003A /* Main.storyboard */,
				4F618BA41C23D2EC0080003A /* Assets.xcassets */,
				4F618BA61C23D2EC0080003A /* LaunchScreen.storyboard */,
				4F618BA91C23D2EC0080003A /* Info.plist */,
				4F618BAF1C23D31C0080003A /* Data.swift */,
			);
			path = Hamburguesify;
			sourceTree = "<group>";
		};
/* End PBXGroup section */

/* Begin PBXNativeTarget section */
		4F618B991C23D2EC0080003A /* Hamburguesify */ = {
			isa = PBXNativeTarget;
			buildConfigurationList = 4F618BAC1C23D2EC0080003A /* Build configuration list for PBXNativeTarget "Hamburguesify" */;
			buildPhases = (
				4F618B961C23D2EC0080003A /* Sources */,
				4F618B971C23D2EC0080003A /* Frameworks */,
				4F618B981C23D2EC0080003A /* Resources */,
			);
			buildRules = (
			);
			dependencies = (
			);
			name = Hamburguesify;
			productName = Hamburguesify;
			productReference = 4F618B9A1C23D2EC0080003A /* Hamburguesify.app */;
			productType = "com.apple.product-type.application";
		};
/* End PBXNativeTarget section */

/* Begin PBXProject section */
		4F618B921C23D2EC0080003A /* Project object */ = {
			isa = PBXProject;
			attributes = {
				LastUpgradeCheck = 0700;
				ORGANIZATIONNAME = "Carlos Brito";
				TargetAttributes = {
					4F618B991C23D2EC0080003A = {
						CreatedOnToolsVersion = 7.0.1;
					};
				};
			};
			buildConfigurationList = 4F618B951C23D2EC0080003A /* Build configuration list for PBXProject "Hamburguesify" */;
			compatibilityVersion = "Xcode 3.2";
			developmentRegion = English;
			hasScannedForEncodings = 0;
			knownRegions = (
				en,
				Base,
			);
			mainGroup = 4F618B911C23D2EC0080003A;
			productRefGroup = 4F618B9B1C23D2EC0080003A /* Products */;
			projectDirPath = "";
			projectRoot = "";
			targets = (
				4F618B991C23D2EC0080003A /* Hamburguesify */,
			);
		};
/* End PBXProject section */

/* Begin PBXResourcesBuildPhase section */
		4F618B981C23D2EC0080003A /* Resources */ = {
			isa = PBXResourcesBuildPhase;
			buildActionMask = 2147483647;
			files = (
				4F618BA81C23D2EC0080003A /* LaunchScreen.storyboard in Resources */,
				4F618BA51C23D2EC0080003A /* Assets.xcassets in Resources */,
				4F618BA31C23D2EC0080003A /* Main.storyboard in Resources */,
			);
			runOnlyForDeploymentPostprocessing = 0;
		};
/* End PBXResourcesBuildPhase section */

/* Begin PBXSourcesBuildPhase section */
		4F618B961C23D2EC0080003A /* Sources */ = {
			isa = PBXSourcesBuildPhase;
			buildActionMask = 2147483647;
			files = (
				4F618BA01C23D2EC0080003A /* ViewController.swift in Sources */,
				4F618BB01C23D31C0080003A /* Data.swift in Sources */,
				4F618B9E1C23D2EC0080003A /* AppDelegate.swift in Sources */,
			);
			runOnlyForDeploymentPostprocessing = 0;
		};
/* End PBXSourcesBuildPhase section */

/* Begin PBXVariantGroup section */
		4F618BA11C23D2EC0080003A /* Main.storyboard */ = {
			isa = PBXVariantGroup;
			children = (
				4F618BA21C23D2EC0080003A /* Base */,
			);
			name = Main.storyboard;
			sourceTree = "<group>";
		};
		4F618BA61C23D2EC0080003A /* LaunchScreen.storyboard */ = {
			isa = PBXVariantGroup;
			children = (
				4F618BA71C23D2EC0080003A /* Base */,
			);
			name = LaunchScreen.storyboard;
			sourceTree = "<group>";
		};
/* End PBXVariantGroup section */

/* Begin XCBuildConfiguration section */
		4F618BAA1C23D2EC0080003A /* Debug */ = {
			isa = XCBuildConfiguration;
			buildSettings = {
				ALWAYS_SEARCH_USER_PATHS = NO;
				CLANG_CXX_LANGUAGE_STANDARD = "gnu++0x";
				CLANG_CXX_LIBRARY = "libc++";
				CLANG_ENABLE_MODULES = YES;
				CLANG_ENABLE_OBJC_ARC = YES;
				CLANG_WARN_BOOL_CONVERSION = YES;
				CLANG_WARN_CONSTANT_CONVERSION = YES;
				CLANG_WARN_DIRECT_OBJC_ISA_USAGE = YES_ERROR;
				CLANG_WARN_EMPTY_BODY = YES;
				CLANG_WARN_ENUM_CONVERSION = YES;
				CLANG_WARN_INT_CONVERSION = YES;
				CLANG_WARN_OBJC_ROOT_CLASS = YES_ERROR;
				CLANG_WARN_UNREACHABLE_CODE = YES;
				CLANG_WARN__DUPLICATE_METHOD_MATCH = YES;
				"CODE_SIGN_IDENTITY[sdk=iphoneos*]" = "iPhone Developer";
				COPY_PHASE_STRIP = NO;
				DEBUG_INFORMATION_FORMAT = dwarf;
				ENABLE_STRICT_OBJC_MSGSEND = YES;
				ENABLE_TESTABILITY = YES;
				GCC_C_LANGUAGE_STANDARD = gnu99;
				GCC_DYNAMIC_NO_PIC = NO;
				GCC_NO_COMMON_BLOCKS = YES;
				GCC_OPTIMIZATION_LEVEL = 0;
				GCC_PREPROCESSOR_DEFINITIONS = (
					"DEBUG=1",
					"$(inherited)",
				);
				GCC_WARN_64_TO_32_BIT_CONVERSION = YES;
				GCC_WARN_ABOUT_RETURN_TYPE = YES_ERROR;
				GCC_WARN_UNDECLARED_SELECTOR = YES;
				GCC_WARN_UNINITIALIZED_AUTOS = YES_AGGRESSIVE;
				GCC_WARN_UNUSED_FUNCTION = YES;
				GCC_WARN_UNUSED_VARIABLE = YES;
				IPHONEOS_DEPLOYMENT_TARGET = 9.0;
				MTL_ENABLE_DEBUG_INFO = YES;
				ONLY_ACTIVE_ARCH = YES;
				SDKROOT = iphoneos;
				SWIFT_OPTIMIZATION_LEVEL = "-Onone";
			};
			name = Debug;
		};
		4F618BAB1C23D2EC0080003A /* Release */ = {
			isa = XCBuildConfiguration;
			buildSettings = {
				ALWAYS_SEARCH_USER_PATHS = NO;
				CLANG_CXX_LANGUAGE_STANDARD = "gnu++0x";
				CLANG_CXX_LIBRARY = "libc++";
				CLANG_ENABLE_MODULES = YES;
				CLANG_ENABLE_OBJC_ARC = YES;
				CLANG_WARN_BOOL_CONVERSION = YES;
				CLANG_WARN_CONSTANT_CONVERSION = YES;
				CLANG_WARN_DIRECT_OBJC_ISA_USAGE = YES_ERROR;
				CLANG_WARN_EMPTY_BODY = YES;
				CLANG_WARN_ENUM_CONVERSION = YES;
				CLANG_WARN_INT_CONVERSION = YES;
				CLANG_WARN_OBJC_ROOT_CLASS = YES_ERROR;
				CLANG_WARN_UNREACHABLE_CODE = YES;
				CLANG_WARN__DUPLICATE_METHOD_MATCH = YES;
				"CODE_SIGN_IDENTITY[sdk=iphoneos*]" = "iPhone Developer";
				COPY_PHASE_STRIP = NO;
				DEBUG_INFORMATION_FORMAT = "dwarf-with-dsym";
				ENABLE_NS_ASSERTIONS = NO;
				ENABLE_STRICT_OBJC_MSGSEND = YES;
				GCC_C_LANGUAGE_STANDARD = gnu99;
				GCC_NO_COMMON_BLOCKS = YES;
				GCC_WARN_64_TO_32_BIT_CONVERSION = YES;
				GCC_WARN_ABOUT_RETURN_TYPE = YES_ERROR;
				GCC_WARN_UNDECLARED_SELECTOR = YES;
				GCC_WARN_UNINITIALIZED_AUTOS = YES_AGGRESSIVE;
				GCC_WARN_UNUSED_FUNCTION = YES;
				GCC_WARN_UNUSED_VARIABLE = YES;
				IPHONEOS_DEPLOYMENT_TARGET = 9.0;
				MTL_ENABLE_DEBUG_INFO = NO;
				SDKROOT = iphoneos;
				VALIDATE_PRODUCT = YES;
			};
			name = Release;
		};
		4F618BAD1C23D2EC0080003A /* Debug */ = {
			isa = XCBuildConfiguration;
			buildSettings = {
				ASSETCATALOG_COMPILER_APPICON_NAME = AppIcon;
				INFOPLIST_FILE = Hamburguesify/Info.plist;
				LD_RUNPATH_SEARCH_PATHS = "$(inherited) @executable_path/Frameworks";
				PRODUCT_BUNDLE_IDENTIFIER = com.cbreeto.Hamburguesify;
				PRODUCT_NAME = "$(TARGET_NAME)";
			};
			name = Debug;
		};
		4F618BAE1C23D2EC0080003A /* Release */ = {
			isa = XCBuildConfiguration;
			buildSettings = {
				ASSETCATALOG_COMPILER_APPICON_NAME = AppIcon;
				INFOPLIST_FILE = Hamburguesify/Info.plist;
				LD_RUNPATH_SEARCH_PATHS = "$(inherited) @executable_path/Frameworks";
				PRODUCT_BUNDLE_IDENTIFIER = com.cbreeto.Hamburguesify;
				PRODUCT_NAME = "$(TARGET_NAME)";
			};
			name = Release;
		};
/* End XCBuildConfiguration section */

/* Begin XCConfigurationList section */
		4F618B951C23D2EC0080003A /* Build configuration list for PBXProject "Hamburguesify" */ = {
			isa = XCConfigurationList;
			buildConfigurations = (
				4F618BAA1C23D2EC0080003A /* Debug */,
				4F618BAB1C23D2EC0080003A /* Release */,
			);
			defaultConfigurationIsVisible = 0;
			defaultConfigurationName = Release;
		};
		4F618BAC1C23D2EC0080003A /* Build configuration list for PBXNativeTarget "Hamburguesify" */ = {
			isa = XCConfigurationList;
			buildConfigurations = (
				4F618BAD1C23D2EC0080003A /* Debug */,
				4F618BAE1C23D2EC0080003A /* Release */,
			);
			defaultConfigurationIsVisible = 0;
		};
/* End XCConfigurationList section */
	};
	rootObject = 4F618B921C23D2EC0080003A /* Project object */;
}
